
Microsoft Visual Studio Solution File, Format Version 12.00
# Visual Studio Version 16
VisualStudioVersion = 16.0.29102.190
MinimumVisualStudioVersion = 10.0.40219.1
Project("{FAE04EC0-301F-11D3-BF4B-00C04F79EFBC}") = "Itse1430.MovieLib.Host", "Itse1430.MovieLib.Host\Itse1430.MovieLib.Host.csproj", "{AC924636-1B2D-46C3-922F-56C5B8ED49CB}"
EndProject
Project("{FAE04EC0-301F-11D3-BF4B-00C04F79EFBC}") = "Itse1430.MovieLib", "Itse1430.MovieLib\Itse1430.MovieLib.csproj", "{C2533B5A-9226-47E8-82AF-AE19872488AB}"
EndProject
Project("{00D1A9C2-B5F0-4AF3-8072-F6C62B433612}") = "MovieDb", "MovieDb\MovieDb.sqlproj", "{BDE72751-B36A-499E-81E4-7FB8951B67F5}"
EndProject
Global
	GlobalSection(SolutionConfigurationPlatforms) = preSolution
		Debug|Any CPU = Debug|Any CPU
		Release|Any CPU = Release|Any CPU
	EndGlobalSection
	GlobalSection(ProjectConfigurationPlatforms) = postSolution
		{AC924636-1B2D-46C3-922F-56C5B8ED49CB}.Debug|Any CPU.ActiveCfg = Debug|Any CPU
		{AC924636-1B2D-46C3-922F-56C5B8ED49CB}.Debug|Any CPU.Build.0 = Debug|Any CPU
		{AC924636-1B2D-46C3-922F-56C5B8ED49CB}.Release|Any CPU.ActiveCfg = Release|Any CPU
		{AC924636-1B2D-46C3-922F-56C5B8ED49CB}.Release|Any CPU.Build.0 = Release|Any CPU
		{C2533B5A-9226-47E8-82AF-AE19872488AB}.Debug|Any CPU.ActiveCfg = Debug|Any CPU
		{C2533B5A-9226-47E8-82AF-AE19872488AB}.Debug|Any CPU.Build.0 = Debug|Any CPU
		{C2533B5A-9226-47E8-82AF-AE19872488AB}.Release|Any CPU.ActiveCfg = Release|Any CPU
		{C2533B5A-9226-47E8-82AF-AE19872488AB}.Release|Any CPU.Build.0 = Release|Any CPU
		{BDE72751-B36A-499E-81E4-7FB8951B67F5}.Debug|Any CPU.ActiveCfg = Debug|Any CPU
		{BDE72751-B36A-499E-81E4-7FB8951B67F5}.Debug|Any CPU.Build.0 = Debug|Any CPU
		{BDE72751-B36A-499E-81E4-7FB8951B67F5}.Debug|Any CPU.Deploy.0 = Debug|Any CPU
		{BDE72751-B36A-499E-81E4-7FB8951B67F5}.Release|Any CPU.ActiveCfg = Release|Any CPU
		{BDE72751-B36A-499E-81E4-7FB8951B67F5}.Release|Any CPU.Build.0 = Release|Any CPU
		{BDE72751-B36A-499E-81E4-7FB8951B67F5}.Release|Any CPU.Deploy.0 = Release|Any CPU
	EndGlobalSection
	GlobalSection(SolutionProperties) = preSolution
		HideSolutionNode = FALSE
	EndGlobalSection
	GlobalSection(ExtensibilityGlobals) = postSolution
		SolutionGuid = {1CE0664C-086B-4E47-B352-06E16D3C3CC5}
	EndGlobalSection
EndGlobal
